Microsoft Visual Studio Solution File, Format Version 12.00
# Visual Studio 2013
VisualStudioVersion = 12.0.21005.1
MinimumVisualStudioVersion = 10.0.40219.1
Project("{FAE04EC0-301F-11D3-BF4B-00C04F79EFBC}") = "JustEat.Testing", "src\JustEat.Testing\JustEat.Testing.csproj", "{226465BD-C58A-4723-AA6E-8C48ABBAD4C7}"
EndProject
Project("{FAE04EC0-301F-11D3-BF4B-00C04F79EFBC}") = "JustEat.Testing.Tests", "src\JustEat.Testing.Tests\JustEat.Testing.Tests.csproj", "{FB7B5C17-73F9-45D6-901B-5BEDD314DCF3}"
EndProject
Project("{2150E333-8FDC-42A3-9474-1A3956D46DE8}") = "Package", "Package", "{80A7639E-30B7-4C4A-86C1-320351D4500A}"
	ProjectSection(SolutionItems) = preProject
		CONTRIBUTING.md = CONTRIBUTING.md
		HISTORY.md = HISTORY.md
		JustEat.Testing.ndproj = JustEat.Testing.ndproj
		LICENSE.md = LICENSE.md
		README.md = README.md
	EndProjectSection
EndProject
Global
	GlobalSection(SolutionConfigurationPlatforms) = preSolution
		Debug|Any CPU = Debug|Any CPU
		Release|Any CPU = Release|Any CPU
	EndGlobalSection
	GlobalSection(ProjectConfigurationPlatforms) = postSolution
		{226465BD-C58A-4723-AA6E-8C48ABBAD4C7}.Debug|Any CPU.ActiveCfg = Debug|Any CPU
		{226465BD-C58A-4723-AA6E-8C48ABBAD4C7}.Debug|Any CPU.Build.0 = Debug|Any CPU
		{226465BD-C58A-4723-AA6E-8C48ABBAD4C7}.Release|Any CPU.ActiveCfg = Release|Any CPU
		{226465BD-C58A-4723-AA6E-8C48ABBAD4C7}.Release|Any CPU.Build.0 = Release|Any CPU
		{FB7B5C17-73F9-45D6-901B-5BEDD314DCF3}.Debug|Any CPU.ActiveCfg = Debug|Any CPU
		{FB7B5C17-73F9-45D6-901B-5BEDD314DCF3}.Debug|Any CPU.Build.0 = Debug|Any CPU
		{FB7B5C17-73F9-45D6-901B-5BEDD314DCF3}.Release|Any CPU.ActiveCfg = Release|Any CPU
		{FB7B5C17-73F9-45D6-901B-5BEDD314DCF3}.Release|Any CPU.Build.0 = Release|Any CPU
	EndGlobalSection
	GlobalSection(SolutionProperties) = preSolution
		HideSolutionNode = FALSE
	EndGlobalSection
	GlobalSection(NDepend) = preSolution
		Project = ".\JustEat.Testing.ndproj"
	EndGlobalSection
EndGlobal
