Microsoft Visual Studio Solution File, Format Version 12.00
# Visual Studio 15
VisualStudioVersion = 15.0.27004.2008
MinimumVisualStudioVersion = 10.0.40219.1
Project("{9A19103F-16F7-4668-BE54-9A1E7A4F7556}") = "JustBehave", "JustBehave\JustBehave.csproj", "{226465BD-C58A-4723-AA6E-8C48ABBAD4C7}"
EndProject
Project("{9A19103F-16F7-4668-BE54-9A1E7A4F7556}") = "JustBehave.Tests", "JustBehave.Tests\JustBehave.Tests.csproj", "{FB7B5C17-73F9-45D6-901B-5BEDD314DCF3}"
EndProject
Project("{9A19103F-16F7-4668-BE54-9A1E7A4F7556}") = "JustBehave.NUnit", "JustBehave.NUnit\JustBehave.NUnit.csproj", "{9F1D016F-F3AB-426D-B7B5-2830917CB94E}"
EndProject
Project("{FAE04EC0-301F-11D3-BF4B-00C04F79EFBC}") = "JustBehave.xUnit", "JustBehave.xUnit\JustBehave.xUnit.csproj", "{27392297-4914-4C00-A754-F777F51FAD86}"
EndProject
Global
	GlobalSection(SolutionConfigurationPlatforms) = preSolution
		Debug|Any CPU = Debug|Any CPU
		Release|Any CPU = Release|Any CPU
	EndGlobalSection
	GlobalSection(ProjectConfigurationPlatforms) = postSolution
		{226465BD-C58A-4723-AA6E-8C48ABBAD4C7}.Debug|Any CPU.ActiveCfg = Debug|Any CPU
		{226465BD-C58A-4723-AA6E-8C48ABBAD4C7}.Debug|Any CPU.Build.0 = Debug|Any CPU
		{226465BD-C58A-4723-AA6E-8C48ABBAD4C7}.Release|Any CPU.ActiveCfg = Release|Any CPU
		{226465BD-C58A-4723-AA6E-8C48ABBAD4C7}.Release|Any CPU.Build.0 = Release|Any CPU
		{FB7B5C17-73F9-45D6-901B-5BEDD314DCF3}.Debug|Any CPU.ActiveCfg = Debug|Any CPU
		{FB7B5C17-73F9-45D6-901B-5BEDD314DCF3}.Debug|Any CPU.Build.0 = Debug|Any CPU
		{FB7B5C17-73F9-45D6-901B-5BEDD314DCF3}.Release|Any CPU.ActiveCfg = Release|Any CPU
		{FB7B5C17-73F9-45D6-901B-5BEDD314DCF3}.Release|Any CPU.Build.0 = Release|Any CPU
		{9F1D016F-F3AB-426D-B7B5-2830917CB94E}.Debug|Any CPU.ActiveCfg = Debug|Any CPU
		{9F1D016F-F3AB-426D-B7B5-2830917CB94E}.Debug|Any CPU.Build.0 = Debug|Any CPU
		{9F1D016F-F3AB-426D-B7B5-2830917CB94E}.Release|Any CPU.ActiveCfg = Release|Any CPU
		{9F1D016F-F3AB-426D-B7B5-2830917CB94E}.Release|Any CPU.Build.0 = Release|Any CPU
		{27392297-4914-4C00-A754-F777F51FAD86}.Debug|Any CPU.ActiveCfg = Debug|Any CPU
		{27392297-4914-4C00-A754-F777F51FAD86}.Debug|Any CPU.Build.0 = Debug|Any CPU
		{27392297-4914-4C00-A754-F777F51FAD86}.Release|Any CPU.ActiveCfg = Release|Any CPU
		{27392297-4914-4C00-A754-F777F51FAD86}.Release|Any CPU.Build.0 = Release|Any CPU
	EndGlobalSection
	GlobalSection(SolutionProperties) = preSolution
		HideSolutionNode = FALSE
	EndGlobalSection
	GlobalSection(ExtensibilityGlobals) = postSolution
		SolutionGuid = {B592ABE0-8408-4E77-A937-FE0B6DCC611F}
	EndGlobalSection
	GlobalSection(NDepend) = preSolution
		Project = ".\JustBehave.ndproj"
	EndGlobalSection
EndGlobal
